{
  "nodes": {
    "nixpkgs": {
      "locked": {
        "lastModified": 1772963539,
        "narHash": "sha256-9jVDGZnvCckTGdYT53d/EfznygLskyLQXYwJLKMPsZs=",
        "owner": "NixOS",
        "repo": "nixpkgs",
        "rev": "9dcb002ca1690658be4a04645215baea8b95f31d",
        "type": "github"
      },
      "original": {
        "id": "nixpkgs",
        "ref": "nixos-unstable",
        "type": "indirect"
      }
    },
    "nixpkgs_2": {
      "locked": {
        "lastModified": 1772963539,
        "narHash": "sha256-9jVDGZnvCckTGdYT53d/EfznygLskyLQXYwJLKMPsZs=",
        "owner": "nixos",
        "repo": "nixpkgs",
        "rev": "9dcb002ca1690658be4a04645215baea8b95f31d",
        "type": "github"
      },
      "original": {
        "owner": "nixos",
        "ref": "nixos-unstable",
        "repo": "nixpkgs",
        "type": "github"
      }
    },
    "root": {
      "inputs": {
        "nixpkgs": "nixpkgs",
        "thorium": "thorium"
      }
    },
    "thorium": {
      "inputs": {
        "nixpkgs": "nixpkgs_2"
      },
      "locked": {
        "lastModified": 1773085130,
        "narHash": "sha256-Ze0Ph0Rv5jPsQjla8FmW/ARSO1jPY0WDai9+Dx0u3A0=",
        "owner": "Rishabh5321",
        "repo": "thorium_flake",
        "rev": "6718768ca5d57322068c10ea922c793dc6b7d472",
        "type": "github"
      },
      "original": {
        "owner": "Rishabh5321",
        "repo": "thorium_flake",
        "type": "github"
      }
    }
  },
  "root": "root",
  "version": 7
}
